
Microsoft Visual Studio Solution File, Format Version 12.00
# Visual Studio Version 17
VisualStudioVersion = 17.11.35303.130
MinimumVisualStudioVersion = 10.0.40219.1
Project("{FAE04EC0-301F-11D3-BF4B-00C04F79EFBC}") = "WpfApp3", "WpfApp3\WpfApp3.csproj", "{E37EEC0B-0D77-43F0-AA75-553DC5C4ACDD}"
EndProject
Global
	GlobalSection(SolutionConfigurationPlatforms) = preSolution
		Debug|Any CPU = Debug|Any CPU
		Release|Any CPU = Release|Any CPU
	EndGlobalSection
	GlobalSection(ProjectConfigurationPlatforms) = postSolution
		{E37EEC0B-0D77-43F0-AA75-553DC5C4ACDD}.Debug|Any CPU.ActiveCfg = Debug|Any CPU
		{E37EEC0B-0D77-43F0-AA75-553DC5C4ACDD}.Debug|Any CPU.Build.0 = Debug|Any CPU
		{E37EEC0B-0D77-43F0-AA75-553DC5C4ACDD}.Release|Any CPU.ActiveCfg = Release|Any CPU
		{E37EEC0B-0D77-43F0-AA75-553DC5C4ACDD}.Release|Any CPU.Build.0 = Release|Any CPU
	EndGlobalSection
	GlobalSection(SolutionProperties) = preSolution
		HideSolutionNode = FALSE
	EndGlobalSection
	GlobalSection(ExtensibilityGlobals) = postSolution
		SolutionGuid = {70B1C077-588D-415F-87AB-3B70EE13F5CF}
	EndGlobalSection
EndGlobal
