
Microsoft Visual Studio Solution File, Format Version 12.00
# Visual Studio Version 17
VisualStudioVersion = 17.11.35303.130
MinimumVisualStudioVersion = 10.0.40219.1
Project("{FAE04EC0-301F-11D3-BF4B-00C04F79EFBC}") = "akakria1585_a02wp", "akakria1585_a02wp\akakria1585_a02wp.csproj", "{394002A4-FDC7-4921-8520-667FF392E284}"
EndProject
Global
	GlobalSection(SolutionConfigurationPlatforms) = preSolution
		Debug|Any CPU = Debug|Any CPU
		Release|Any CPU = Release|Any CPU
	EndGlobalSection
	GlobalSection(ProjectConfigurationPlatforms) = postSolution
		{394002A4-FDC7-4921-8520-667FF392E284}.Debug|Any CPU.ActiveCfg = Debug|Any CPU
		{394002A4-FDC7-4921-8520-667FF392E284}.Debug|Any CPU.Build.0 = Debug|Any CPU
		{394002A4-FDC7-4921-8520-667FF392E284}.Release|Any CPU.ActiveCfg = Release|Any CPU
		{394002A4-FDC7-4921-8520-667FF392E284}.Release|Any CPU.Build.0 = Release|Any CPU
	EndGlobalSection
	GlobalSection(SolutionProperties) = preSolution
		HideSolutionNode = FALSE
	EndGlobalSection
	GlobalSection(ExtensibilityGlobals) = postSolution
		SolutionGuid = {395927DA-48D0-4166-9DAA-187D3043B366}
	EndGlobalSection
EndGlobal
